{
  "name": "client",
  "version": "0.1.0",
  "lockfileVersion": 3,
  "requires": true,
  "packages": {
    "": {
      "name": "client",
      "version": "0.1.0",
      "dependencies": {
        "@types/react": "^18.2.23",
        "graphql-tag": "^2.12.6"
      }
    },
    "node_modules/@types/prop-types": {
      "version": "15.7.7",
      "license": "MIT"
    },
    "node_modules/@types/react": {
      "version": "18.2.23",
      "resolved": "https://registry.npmjs.org/@types/react/-/react-18.2.23.tgz",
      "integrity": "sha512-qHLW6n1q2+7KyBEYnrZpcsAmU/iiCh9WGCKgXvMxx89+TYdJWRjZohVIo9XTcoLhfX3+/hP0Pbulu3bCZQ9PSA==",
      "dependencies": {
        "@types/prop-types": "*",
        "@types/scheduler": "*",
        "csstype": "^3.0.2"
      }
    },
    "node_modules/@types/scheduler": {
      "version": "0.16.4",
      "license": "MIT"
    },
    "node_modules/csstype": {
      "version": "3.1.2",
      "license": "MIT"
    },
    "node_modules/graphql": {
      "version": "16.8.1",
      "resolved": "https://registry.npmjs.org/graphql/-/graphql-16.8.1.tgz",
      "integrity": "sha512-59LZHPdGZVh695Ud9lRzPBVTtlX9ZCV150Er2W43ro37wVof0ctenSaskPPjN7lVTIN8mSZt8PHUNKZuNQUuxw==",
      "peer": true,
      "engines": {
        "node": "^12.22.0 || ^14.16.0 || ^16.0.0 || >=17.0.0"
      }
    },
    "node_modules/graphql-tag": {
      "version": "2.12.6",
      "resolved": "https://registry.npmjs.org/graphql-tag/-/graphql-tag-2.12.6.tgz",
      "integrity": "sha512-FdSNcu2QQcWnM2VNvSCCDCVS5PpPqpzgFT8+GXzqJuoDd0CBncxCY278u4mhRO7tMgo2JjgJA5aZ+nWSQ/Z+xg==",
      "dependencies": {
        "tslib": "^2.1.0"
      },
      "engines": {
        "node": ">=10"
      },
      "peerDependencies": {
        "graphql": "^0.9.0 || ^0.10.0 || ^0.11.0 || ^0.12.0 || ^0.13.0 || ^14.0.0 || ^15.0.0 || ^16.0.0"
      }
    },
    "node_modules/tslib": {
      "version": "2.6.2",
      "resolved": "https://registry.npmjs.org/tslib/-/tslib-2.6.2.tgz",
      "integrity": "sha512-AEYxH93jGFPn/a2iVAwW87VuUIkR1FVUKB77NwMF7nBTDkDrrT/Hpt/IrCJ0QXhW27jTBDcf5ZY7w6RiqTMw2Q=="
    }
  }
}
